// !$*UTF8*$!
{
	archiveVersion = 1;
	classes = {
	};
	objectVersion = 55;
	objects = {

/* Begin PBXBuildFile section */
		4D2102D02908634F0037FF37 /* LocationMapViewModel.swift in Sources */ = {isa = PBXBuildFile; fileRef = 4D2102CF2908634F0037FF37 /* LocationMapViewModel.swift */; };
		4D2102D42908B2430037FF37 /* LocationManager.swift in Sources */ = {isa = PBXBuildFile; fileRef = 4D2102D32908B2430037FF37 /* LocationManager.swift */; };
		4D22A00028FE27CD00A43CE7 /* DDGLocation.swift in Sources */ = {isa = PBXBuildFile; fileRef = 4D229FFF28FE27CD00A43CE7 /* DDGLocation.swift */; };
		4D22A00228FEE96200A43CE7 /* DDGProfile.swift in Sources */ = {isa = PBXBuildFile; fileRef = 4D22A00128FEE96200A43CE7 /* DDGProfile.swift */; };
		4D22A00428FF009600A43CE7 /* MockData.swift in Sources */ = {isa = PBXBuildFile; fileRef = 4D22A00328FF009600A43CE7 /* MockData.swift */; };
		4D22A00728FF27EA00A43CE7 /* CloudKitManager.swift in Sources */ = {isa = PBXBuildFile; fileRef = 4D22A00628FF27EA00A43CE7 /* CloudKitManager.swift */; };
		4D22A00928FF29C300A43CE7 /* Constants.swift in Sources */ = {isa = PBXBuildFile; fileRef = 4D22A00828FF29C300A43CE7 /* Constants.swift */; };
		4D305B1729495F0A007F145E /* UIImage+Ext.swift in Sources */ = {isa = PBXBuildFile; fileRef = 4D305B1629495F0A007F145E /* UIImage+Ext.swift */; };
		4D3082B628B41507001F76F4 /* LocationCell.swift in Sources */ = {isa = PBXBuildFile; fileRef = 4D3082B528B41507001F76F4 /* LocationCell.swift */; };
		4D5E9320291AE4A200D9F77E /* UserDefaultsManager.swift in Sources */ = {isa = PBXBuildFile; fileRef = 4D5E931F291AE4A200D9F77E /* UserDefaultsManager.swift */; };
		4D5E9322291AED2D00D9F77E /* LogoView.swift in Sources */ = {isa = PBXBuildFile; fileRef = 4D5E9321291AED2D00D9F77E /* LogoView.swift */; };
		4D5E9324291AFBC000D9F77E /* XDismissButton.swift in Sources */ = {isa = PBXBuildFile; fileRef = 4D5E9323291AFBC000D9F77E /* XDismissButton.swift */; };
		4D63D21E28D4FFB000725195 /* LocationDetailView.swift in Sources */ = {isa = PBXBuildFile; fileRef = 4D63D21D28D4FFB000725195 /* LocationDetailView.swift */; };
		4D683DB629418B7700644EAD /* PhotoPicker.swift in Sources */ = {isa = PBXBuildFile; fileRef = 4D683DB529418B7700644EAD /* PhotoPicker.swift */; };
		4D8F467628F765C8001A6B85 /* AvatarView.swift in Sources */ = {isa = PBXBuildFile; fileRef = 4D8F467528F765C8001A6B85 /* AvatarView.swift */; };
		4D8F467928F799DB001A6B85 /* View+Ext.swift in Sources */ = {isa = PBXBuildFile; fileRef = 4D8F467828F799DB001A6B85 /* View+Ext.swift */; };
		4D8F467B28F79A6D001A6B85 /* CustomModifiers.swift in Sources */ = {isa = PBXBuildFile; fileRef = 4D8F467A28F79A6D001A6B85 /* CustomModifiers.swift */; };
		4D8F467D28F7A1B2001A6B85 /* DDGButton.swift in Sources */ = {isa = PBXBuildFile; fileRef = 4D8F467C28F7A1B2001A6B85 /* DDGButton.swift */; };
		4D933C4C2914A0DB0053A5EC /* OnboardView.swift in Sources */ = {isa = PBXBuildFile; fileRef = 4D933C4B2914A0DB0053A5EC /* OnboardView.swift */; };
		4D93A6CB2909E89200C72392 /* GrubSpot.swift in Sources */ = {isa = PBXBuildFile; fileRef = 4D93A6C92909E89200C72392 /* GrubSpot.swift */; };
		4D93A6CC2909E89200C72392 /* Profile.swift in Sources */ = {isa = PBXBuildFile; fileRef = 4D93A6CA2909E89200C72392 /* Profile.swift */; };
		4D93A6CE290B565D00C72392 /* CKAsset+Ext.swift in Sources */ = {isa = PBXBuildFile; fileRef = 4D93A6CD290B565D00C72392 /* CKAsset+Ext.swift */; };
		4D9BE29528AF03AF008E1630 /* DDGApp.swift in Sources */ = {isa = PBXBuildFile; fileRef = 4D9BE29428AF03AF008E1630 /* DDGApp.swift */; };
		4D9BE29928AF03B0008E1630 /* Assets.xcassets in Resources */ = {isa = PBXBuildFile; fileRef = 4D9BE29828AF03B0008E1630 /* Assets.xcassets */; };
		4D9BE29C28AF03B0008E1630 /* Preview Assets.xcassets in Resources */ = {isa = PBXBuildFile; fileRef = 4D9BE29B28AF03B0008E1630 /* Preview Assets.xcassets */; };
		4D9BE2A628AF03B1008E1630 /* DDGTests.swift in Sources */ = {isa = PBXBuildFile; fileRef = 4D9BE2A528AF03B1008E1630 /* DDGTests.swift */; };
		4D9BE2B028AF03B1008E1630 /* DDGUITests.swift in Sources */ = {isa = PBXBuildFile; fileRef = 4D9BE2AF28AF03B1008E1630 /* DDGUITests.swift */; };
		4D9BE2B228AF03B1008E1630 /* DDGUITestsLaunchTests.swift in Sources */ = {isa = PBXBuildFile; fileRef = 4D9BE2B128AF03B1008E1630 /* DDGUITestsLaunchTests.swift */; };
		4DA95AEF28B03D5F00E883C5 /* CloudKit.framework in Frameworks */ = {isa = PBXBuildFile; fileRef = 4DA95AEE28B03D5F00E883C5 /* CloudKit.framework */; };
		4DA95AF128B0422700E883C5 /* Color+Ext.swift in Sources */ = {isa = PBXBuildFile; fileRef = 4DA95AF028B0422700E883C5 /* Color+Ext.swift */; };
		4DA95AF328B042BE00E883C5 /* AppTabView.swift in Sources */ = {isa = PBXBuildFile; fileRef = 4DA95AF228B042BE00E883C5 /* AppTabView.swift */; };
		4DA95AF528B0437800E883C5 /* LocationMapView.swift in Sources */ = {isa = PBXBuildFile; fileRef = 4DA95AF428B0437800E883C5 /* LocationMapView.swift */; };
		4DA95AF728B043C100E883C5 /* LocationListView.swift in Sources */ = {isa = PBXBuildFile; fileRef = 4DA95AF628B043C100E883C5 /* LocationListView.swift */; };
		4DA95AF928B043FB00E883C5 /* ProfileView.swift in Sources */ = {isa = PBXBuildFile; fileRef = 4DA95AF828B043FB00E883C5 /* ProfileView.swift */; };
		4DD778E82970E15700BA7777 /* ProfileViewModel.swift in Sources */ = {isa = PBXBuildFile; fileRef = 4DD778E72970E15700BA7777 /* ProfileViewModel.swift */; };
		4DE380F32979DF10005AEAF3 /* LoadingView.swift in Sources */ = {isa = PBXBuildFile; fileRef = 4DE380F22979DF10005AEAF3 /* LoadingView.swift */; };
		4DE9A2D22902FE2A00EA9B7D /* AlertItem.swift in Sources */ = {isa = PBXBuildFile; fileRef = 4DE9A2D12902FE2A00EA9B7D /* AlertItem.swift */; };
		4DE9A2D429030CA000EA9B7D /* APError.swift in Sources */ = {isa = PBXBuildFile; fileRef = 4DE9A2D329030CA000EA9B7D /* APError.swift */; };
		4DEF3AD22909BBF8006501D6 /* CKRecord+Ext.swift in Sources */ = {isa = PBXBuildFile; fileRef = 4DEF3AD12909BBF8006501D6 /* CKRecord+Ext.swift */; };
/* End PBXBuildFile section */

/* Begin PBXContainerItemProxy section */
		4D9BE2A228AF03B1008E1630 /* PBXContainerItemProxy */ = {
			isa = PBXContainerItemProxy;
			containerPortal = 4D9BE28928AF03AF008E1630 /* Project object */;
			proxyType = 1;
			remoteGlobalIDString = 4D9BE29028AF03AF008E1630;
			remoteInfo = DDG;
		};
		4D9BE2AC28AF03B1008E1630 /* PBXContainerItemProxy */ = {
			isa = PBXContainerItemProxy;
			containerPortal = 4D9BE28928AF03AF008E1630 /* Project object */;
			proxyType = 1;
			remoteGlobalIDString = 4D9BE29028AF03AF008E1630;
			remoteInfo = DDG;
		};
/* End PBXContainerItemProxy section */

/* Begin PBXFileReference section */
		4D16926D28AFEC75001B17CF /* DDG.entitlements */ = {isa = PBXFileReference; lastKnownFileType = text.plist.entitlements; path = DDG.entitlements; sourceTree = "<group>"; };
		4D2102CF2908634F0037FF37 /* LocationMapViewModel.swift */ = {isa = PBXFileReference; lastKnownFileType = sourcecode.swift; path = LocationMapViewModel.swift; sourceTree = "<group>"; };
		4D2102D32908B2430037FF37 /* LocationManager.swift */ = {isa = PBXFileReference; lastKnownFileType = sourcecode.swift; path = LocationManager.swift; sourceTree = "<group>"; };
		4D229FFF28FE27CD00A43CE7 /* DDGLocation.swift */ = {isa = PBXFileReference; lastKnownFileType = sourcecode.swift; path = DDGLocation.swift; sourceTree = "<group>"; };
		4D22A00128FEE96200A43CE7 /* DDGProfile.swift */ = {isa = PBXFileReference; lastKnownFileType = sourcecode.swift; path = DDGProfile.swift; sourceTree = "<group>"; };
		4D22A00328FF009600A43CE7 /* MockData.swift */ = {isa = PBXFileReference; lastKnownFileType = sourcecode.swift; path = MockData.swift; sourceTree = "<group>"; };
		4D22A00628FF27EA00A43CE7 /* CloudKitManager.swift */ = {isa = PBXFileReference; lastKnownFileType = sourcecode.swift; path = CloudKitManager.swift; sourceTree = "<group>"; };
		4D22A00828FF29C300A43CE7 /* Constants.swift */ = {isa = PBXFileReference; lastKnownFileType = sourcecode.swift; name = Constants.swift; path = DDG/Utilities/Constants.swift; sourceTree = SOURCE_ROOT; };
		4D305B1629495F0A007F145E /* UIImage+Ext.swift */ = {isa = PBXFileReference; lastKnownFileType = sourcecode.swift; path = "UIImage+Ext.swift"; sourceTree = "<group>"; };
		4D3082B528B41507001F76F4 /* LocationCell.swift */ = {isa = PBXFileReference; lastKnownFileType = sourcecode.swift; path = LocationCell.swift; sourceTree = "<group>"; };
		4D5E931F291AE4A200D9F77E /* UserDefaultsManager.swift */ = {isa = PBXFileReference; lastKnownFileType = sourcecode.swift; path = UserDefaultsManager.swift; sourceTree = "<group>"; };
		4D5E9321291AED2D00D9F77E /* LogoView.swift */ = {isa = PBXFileReference; lastKnownFileType = sourcecode.swift; path = LogoView.swift; sourceTree = "<group>"; };
		4D5E9323291AFBC000D9F77E /* XDismissButton.swift */ = {isa = PBXFileReference; lastKnownFileType = sourcecode.swift; path = XDismissButton.swift; sourceTree = "<group>"; };
		4D63D21D28D4FFB000725195 /* LocationDetailView.swift */ = {isa = PBXFileReference; lastKnownFileType = sourcecode.swift; path = LocationDetailView.swift; sourceTree = "<group>"; };
		4D683DB529418B7700644EAD /* PhotoPicker.swift */ = {isa = PBXFileReference; lastKnownFileType = sourcecode.swift; path = PhotoPicker.swift; sourceTree = "<group>"; };
		4D8F467528F765C8001A6B85 /* AvatarView.swift */ = {isa = PBXFileReference; lastKnownFileType = sourcecode.swift; path = AvatarView.swift; sourceTree = "<group>"; };
		4D8F467828F799DB001A6B85 /* View+Ext.swift */ = {isa = PBXFileReference; lastKnownFileType = sourcecode.swift; path = "View+Ext.swift"; sourceTree = "<group>"; };
		4D8F467A28F79A6D001A6B85 /* CustomModifiers.swift */ = {isa = PBXFileReference; lastKnownFileType = sourcecode.swift; path = CustomModifiers.swift; sourceTree = "<group>"; };
		4D8F467C28F7A1B2001A6B85 /* DDGButton.swift */ = {isa = PBXFileReference; lastKnownFileType = sourcecode.swift; path = DDGButton.swift; sourceTree = "<group>"; };
		4D933C4A2914555F0053A5EC /* Info.plist */ = {isa = PBXFileReference; lastKnownFileType = text.plist; path = Info.plist; sourceTree = "<group>"; };
		4D933C4B2914A0DB0053A5EC /* OnboardView.swift */ = {isa = PBXFileReference; lastKnownFileType = sourcecode.swift; path = OnboardView.swift; sourceTree = "<group>"; };
		4D93A6C92909E89200C72392 /* GrubSpot.swift */ = {isa = PBXFileReference; fileEncoding = 4; lastKnownFileType = sourcecode.swift; path = GrubSpot.swift; sourceTree = "<group>"; };
		4D93A6CA2909E89200C72392 /* Profile.swift */ = {isa = PBXFileReference; fileEncoding = 4; lastKnownFileType = sourcecode.swift; path = Profile.swift; sourceTree = "<group>"; };
		4D93A6CD290B565D00C72392 /* CKAsset+Ext.swift */ = {isa = PBXFileReference; lastKnownFileType = sourcecode.swift; path = "CKAsset+Ext.swift"; sourceTree = "<group>"; };
		4D9BE29128AF03AF008E1630 /* DDG.app */ = {isa = PBXFileReference; explicitFileType = wrapper.application; includeInIndex = 0; path = DDG.app; sourceTree = BUILT_PRODUCTS_DIR; };
		4D9BE29428AF03AF008E1630 /* DDGApp.swift */ = {isa = PBXFileReference; lastKnownFileType = sourcecode.swift; path = DDGApp.swift; sourceTree = "<group>"; };
		4D9BE29828AF03B0008E1630 /* Assets.xcassets */ = {isa = PBXFileReference; lastKnownFileType = folder.assetcatalog; path = Assets.xcassets; sourceTree = "<group>"; };
		4D9BE29B28AF03B0008E1630 /* Preview Assets.xcassets */ = {isa = PBXFileReference; lastKnownFileType = folder.assetcatalog; path = "Preview Assets.xcassets"; sourceTree = "<group>"; };
		4D9BE2A128AF03B1008E1630 /* DDGTests.xctest */ = {isa = PBXFileReference; explicitFileType = wrapper.cfbundle; includeInIndex = 0; path = DDGTests.xctest; sourceTree = BUILT_PRODUCTS_DIR; };
		4D9BE2A528AF03B1008E1630 /* DDGTests.swift */ = {isa = PBXFileReference; lastKnownFileType = sourcecode.swift; path = DDGTests.swift; sourceTree = "<group>"; };
		4D9BE2AB28AF03B1008E1630 /* DDGUITests.xctest */ = {isa = PBXFileReference; explicitFileType = wrapper.cfbundle; includeInIndex = 0; path = DDGUITests.xctest; sourceTree = BUILT_PRODUCTS_DIR; };
		4D9BE2AF28AF03B1008E1630 /* DDGUITests.swift */ = {isa = PBXFileReference; lastKnownFileType = sourcecode.swift; path = DDGUITests.swift; sourceTree = "<group>"; };
		4D9BE2B128AF03B1008E1630 /* DDGUITestsLaunchTests.swift */ = {isa = PBXFileReference; lastKnownFileType = sourcecode.swift; path = DDGUITestsLaunchTests.swift; sourceTree = "<group>"; };
		4DA95AEE28B03D5F00E883C5 /* CloudKit.framework */ = {isa = PBXFileReference; lastKnownFileType = wrapper.framework; name = CloudKit.framework; path = System/Library/Frameworks/CloudKit.framework; sourceTree = SDKROOT; };
		4DA95AF028B0422700E883C5 /* Color+Ext.swift */ = {isa = PBXFileReference; lastKnownFileType = sourcecode.swift; path = "Color+Ext.swift"; sourceTree = "<group>"; };
		4DA95AF228B042BE00E883C5 /* AppTabView.swift */ = {isa = PBXFileReference; lastKnownFileType = sourcecode.swift; path = AppTabView.swift; sourceTree = "<group>"; };
		4DA95AF428B0437800E883C5 /* LocationMapView.swift */ = {isa = PBXFileReference; lastKnownFileType = sourcecode.swift; path = LocationMapView.swift; sourceTree = "<group>"; };
		4DA95AF628B043C100E883C5 /* LocationListView.swift */ = {isa = PBXFileReference; lastKnownFileType = sourcecode.swift; path = LocationListView.swift; sourceTree = "<group>"; };
		4DA95AF828B043FB00E883C5 /* ProfileView.swift */ = {isa = PBXFileReference; lastKnownFileType = sourcecode.swift; path = ProfileView.swift; sourceTree = "<group>"; };
		4DD778E72970E15700BA7777 /* ProfileViewModel.swift */ = {isa = PBXFileReference; lastKnownFileType = sourcecode.swift; path = ProfileViewModel.swift; sourceTree = "<group>"; };
		4DE380F22979DF10005AEAF3 /* LoadingView.swift */ = {isa = PBXFileReference; lastKnownFileType = sourcecode.swift; path = LoadingView.swift; sourceTree = "<group>"; };
		4DE9A2D12902FE2A00EA9B7D /* AlertItem.swift */ = {isa = PBXFileReference; lastKnownFileType = sourcecode.swift; path = AlertItem.swift; sourceTree = "<group>"; };
		4DE9A2D329030CA000EA9B7D /* APError.swift */ = {isa = PBXFileReference; lastKnownFileType = sourcecode.swift; path = APError.swift; sourceTree = "<group>"; };
		4DEF3AD12909BBF8006501D6 /* CKRecord+Ext.swift */ = {isa = PBXFileReference; lastKnownFileType = sourcecode.swift; path = "CKRecord+Ext.swift"; sourceTree = "<group>"; };
/* End PBXFileReference section */

/* Begin PBXFrameworksBuildPhase section */
		4D9BE28E28AF03AF008E1630 /* Frameworks */ = {
			isa = PBXFrameworksBuildPhase;
			buildActionMask = 2147483647;
			files = (
				4DA95AEF28B03D5F00E883C5 /* CloudKit.framework in Frameworks */,
			);
			runOnlyForDeploymentPostprocessing = 0;
		};
		4D9BE29E28AF03B1008E1630 /* Frameworks */ = {
			isa = PBXFrameworksBuildPhase;
			buildActionMask = 2147483647;
			files = (
			);
			runOnlyForDeploymentPostprocessing = 0;
		};
		4D9BE2A828AF03B1008E1630 /* Frameworks */ = {
			isa = PBXFrameworksBuildPhase;
			buildActionMask = 2147483647;
			files = (
			);
			runOnlyForDeploymentPostprocessing = 0;
		};
/* End PBXFrameworksBuildPhase section */

/* Begin PBXGroup section */
		4D22A00528FF27C400A43CE7 /* Utilities */ = {
			isa = PBXGroup;
			children = (
				4DE9A2D02902FE0B00EA9B7D /* Alerts */,
				4D3082B028B40D2E001F76F4 /* Managers */,
				4D3082AF28B40D17001F76F4 /* Extensions */,
				4D8F467728F794A9001A6B85 /* Helpers */,
			);
			path = Utilities;
			sourceTree = "<group>";
		};
		4D3082AC28B40CF3001F76F4 /* Screens */ = {
			isa = PBXGroup;
			children = (
				4DA95AF228B042BE00E883C5 /* AppTabView.swift */,
				4D93A6C82909E83100C72392 /* MapView */,
				4D933C4D2914BF660053A5EC /* ListView */,
				4DD778E62970E12100BA7777 /* ProfileView */,
			);
			path = Screens;
			sourceTree = "<group>";
		};
		4D3082AD28B40D00001F76F4 /* Views */ = {
			isa = PBXGroup;
			children = (
				4D3082AC28B40CF3001F76F4 /* Screens */,
				4D933C4B2914A0DB0053A5EC /* OnboardView.swift */,
				4D683DB3294182E700644EAD /* CustomViews */,
				4D8F467E28F7B692001A6B85 /* Cells */,
				4DE380F22979DF10005AEAF3 /* LoadingView.swift */,
			);
			path = Views;
			sourceTree = "<group>";
		};
		4D3082AE28B40D0D001F76F4 /* Models */ = {
			isa = PBXGroup;
			children = (
				4D93A6C92909E89200C72392 /* GrubSpot.swift */,
				4D93A6CA2909E89200C72392 /* Profile.swift */,
				4D229FFF28FE27CD00A43CE7 /* DDGLocation.swift */,
				4D22A00128FEE96200A43CE7 /* DDGProfile.swift */,
				4D22A00328FF009600A43CE7 /* MockData.swift */,
			);
			path = Models;
			sourceTree = "<group>";
		};
		4D3082AF28B40D17001F76F4 /* Extensions */ = {
			isa = PBXGroup;
			children = (
				4DA95AF028B0422700E883C5 /* Color+Ext.swift */,
				4D8F467828F799DB001A6B85 /* View+Ext.swift */,
				4D22A00828FF29C300A43CE7 /* Constants.swift */,
				4DEF3AD12909BBF8006501D6 /* CKRecord+Ext.swift */,
				4D93A6CD290B565D00C72392 /* CKAsset+Ext.swift */,
				4D305B1629495F0A007F145E /* UIImage+Ext.swift */,
			);
			path = Extensions;
			sourceTree = "<group>";
		};
		4D3082B028B40D2E001F76F4 /* Managers */ = {
			isa = PBXGroup;
			children = (
				4D22A00628FF27EA00A43CE7 /* CloudKitManager.swift */,
				4D2102D32908B2430037FF37 /* LocationManager.swift */,
				4D5E931F291AE4A200D9F77E /* UserDefaultsManager.swift */,
			);
			path = Managers;
			sourceTree = "<group>";
		};
		4D683DB3294182E700644EAD /* CustomViews */ = {
			isa = PBXGroup;
			children = (
				4D683DB429418B5A00644EAD /* UUIKit Components */,
				4D8F467528F765C8001A6B85 /* AvatarView.swift */,
				4D5E9321291AED2D00D9F77E /* LogoView.swift */,
				4D8F467F28F7B6A7001A6B85 /* Buttons */,
			);
			path = CustomViews;
			sourceTree = "<group>";
		};
		4D683DB429418B5A00644EAD /* UUIKit Components */ = {
			isa = PBXGroup;
			children = (
				4D683DB529418B7700644EAD /* PhotoPicker.swift */,
			);
			path = "UUIKit Components";
			sourceTree = "<group>";
		};
		4D8F467728F794A9001A6B85 /* Helpers */ = {
			isa = PBXGroup;
			children = (
				4D8F467A28F79A6D001A6B85 /* CustomModifiers.swift */,
			);
			path = Helpers;
			sourceTree = "<group>";
		};
		4D8F467E28F7B692001A6B85 /* Cells */ = {
			isa = PBXGroup;
			children = (
				4D3082B528B41507001F76F4 /* LocationCell.swift */,
			);
			path = Cells;
			sourceTree = "<group>";
		};
		4D8F467F28F7B6A7001A6B85 /* Buttons */ = {
			isa = PBXGroup;
			children = (
				4D8F467C28F7A1B2001A6B85 /* DDGButton.swift */,
				4D5E9323291AFBC000D9F77E /* XDismissButton.swift */,
			);
			path = Buttons;
			sourceTree = "<group>";
		};
		4D933C4D2914BF660053A5EC /* ListView */ = {
			isa = PBXGroup;
			children = (
				4DA95AF628B043C100E883C5 /* LocationListView.swift */,
				4D63D21D28D4FFB000725195 /* LocationDetailView.swift */,
			);
			path = ListView;
			sourceTree = "<group>";
		};
		4D93A6C82909E83100C72392 /* MapView */ = {
			isa = PBXGroup;
			children = (
				4DA95AF428B0437800E883C5 /* LocationMapView.swift */,
				4D2102CF2908634F0037FF37 /* LocationMapViewModel.swift */,
			);
			path = MapView;
			sourceTree = "<group>";
		};
		4D9BE28828AF03AF008E1630 = {
			isa = PBXGroup;
			children = (
				4D9BE29328AF03AF008E1630 /* DDG */,
				4D9BE2A428AF03B1008E1630 /* DDGTests */,
				4D9BE2AE28AF03B1008E1630 /* DDGUITests */,
				4D9BE29228AF03AF008E1630 /* Products */,
				4DA95AED28B03D5F00E883C5 /* Frameworks */,
			);
			sourceTree = "<group>";
		};
		4D9BE29228AF03AF008E1630 /* Products */ = {
			isa = PBXGroup;
			children = (
				4D9BE29128AF03AF008E1630 /* DDG.app */,
				4D9BE2A128AF03B1008E1630 /* DDGTests.xctest */,
				4D9BE2AB28AF03B1008E1630 /* DDGUITests.xctest */,
			);
			name = Products;
			sourceTree = "<group>";
		};
		4D9BE29328AF03AF008E1630 /* DDG */ = {
			isa = PBXGroup;
			children = (
				4D933C4A2914555F0053A5EC /* Info.plist */,
				4D22A00528FF27C400A43CE7 /* Utilities */,
				4D3082AE28B40D0D001F76F4 /* Models */,
				4D3082AD28B40D00001F76F4 /* Views */,
				4D16926D28AFEC75001B17CF /* DDG.entitlements */,
				4D9BE29428AF03AF008E1630 /* DDGApp.swift */,
				4D9BE29828AF03B0008E1630 /* Assets.xcassets */,
				4D9BE29A28AF03B0008E1630 /* Preview Content */,
			);
			path = DDG;
			sourceTree = "<group>";
		};
		4D9BE29A28AF03B0008E1630 /* Preview Content */ = {
			isa = PBXGroup;
			children = (
				4D9BE29B28AF03B0008E1630 /* Preview Assets.xcassets */,
			);
			path = "Preview Content";
			sourceTree = "<group>";
		};
		4D9BE2A428AF03B1008E1630 /* DDGTests */ = {
			isa = PBXGroup;
			children = (
				4D9BE2A528AF03B1008E1630 /* DDGTests.swift */,
			);
			path = DDGTests;
			sourceTree = "<group>";
		};
		4D9BE2AE28AF03B1008E1630 /* DDGUITests */ = {
			isa = PBXGroup;
			children = (
				4D9BE2AF28AF03B1008E1630 /* DDGUITests.swift */,
				4D9BE2B128AF03B1008E1630 /* DDGUITestsLaunchTests.swift */,
			);
			path = DDGUITests;
			sourceTree = "<group>";
		};
		4DA95AED28B03D5F00E883C5 /* Frameworks */ = {
			isa = PBXGroup;
			children = (
				4DA95AEE28B03D5F00E883C5 /* CloudKit.framework */,
			);
			name = Frameworks;
			sourceTree = "<group>";
		};
		4DD778E62970E12100BA7777 /* ProfileView */ = {
			isa = PBXGroup;
			children = (
				4DD778E72970E15700BA7777 /* ProfileViewModel.swift */,
				4DA95AF828B043FB00E883C5 /* ProfileView.swift */,
			);
			path = ProfileView;
			sourceTree = "<group>";
		};
		4DE9A2D02902FE0B00EA9B7D /* Alerts */ = {
			isa = PBXGroup;
			children = (
				4DE9A2D12902FE2A00EA9B7D /* AlertItem.swift */,
				4DE9A2D329030CA000EA9B7D /* APError.swift */,
			);
			path = Alerts;
			sourceTree = "<group>";
		};
/* End PBXGroup section */

/* Begin PBXNativeTarget section */
		4D9BE29028AF03AF008E1630 /* DDG */ = {
			isa = PBXNativeTarget;
			buildConfigurationList = 4D9BE2B528AF03B1008E1630 /* Build configuration list for PBXNativeTarget "DDG" */;
			buildPhases = (
				4D9BE28D28AF03AF008E1630 /* Sources */,
				4D9BE28E28AF03AF008E1630 /* Frameworks */,
				4D9BE28F28AF03AF008E1630 /* Resources */,
			);
			buildRules = (
			);
			dependencies = (
			);
			name = DDG;
			productName = DDG;
			productReference = 4D9BE29128AF03AF008E1630 /* DDG.app */;
			productType = "com.apple.product-type.application";
		};
		4D9BE2A028AF03B1008E1630 /* DDGTests */ = {
			isa = PBXNativeTarget;
			buildConfigurationList = 4D9BE2B828AF03B1008E1630 /* Build configuration list for PBXNativeTarget "DDGTests" */;
			buildPhases = (
				4D9BE29D28AF03B1008E1630 /* Sources */,
				4D9BE29E28AF03B1008E1630 /* Frameworks */,
				4D9BE29F28AF03B1008E1630 /* Resources */,
			);
			buildRules = (
			);
			dependencies = (
				4D9BE2A328AF03B1008E1630 /* PBXTargetDependency */,
			);
			name = DDGTests;
			productName = DDGTests;
			productReference = 4D9BE2A128AF03B1008E1630 /* DDGTests.xctest */;
			productType = "com.apple.product-type.bundle.unit-test";
		};
		4D9BE2AA28AF03B1008E1630 /* DDGUITests */ = {
			isa = PBXNativeTarget;
			buildConfigurationList = 4D9BE2BB28AF03B1008E1630 /* Build configuration list for PBXNativeTarget "DDGUITests" */;
			buildPhases = (
				4D9BE2A728AF03B1008E1630 /* Sources */,
				4D9BE2A828AF03B1008E1630 /* Frameworks */,
				4D9BE2A928AF03B1008E1630 /* Resources */,
			);
			buildRules = (
			);
			dependencies = (
				4D9BE2AD28AF03B1008E1630 /* PBXTargetDependency */,
			);
			name = DDGUITests;
			productName = DDGUITests;
			productReference = 4D9BE2AB28AF03B1008E1630 /* DDGUITests.xctest */;
			productType = "com.apple.product-type.bundle.ui-testing";
		};
/* End PBXNativeTarget section */

/* Begin PBXProject section */
		4D9BE28928AF03AF008E1630 /* Project object */ = {
			isa = PBXProject;
			attributes = {
				BuildIndependentTargetsInParallel = 1;
				LastSwiftUpdateCheck = 1340;
				LastUpgradeCheck = 1340;
				TargetAttributes = {
					4D9BE29028AF03AF008E1630 = {
						CreatedOnToolsVersion = 13.4.1;
					};
					4D9BE2A028AF03B1008E1630 = {
						CreatedOnToolsVersion = 13.4.1;
						TestTargetID = 4D9BE29028AF03AF008E1630;
					};
					4D9BE2AA28AF03B1008E1630 = {
						CreatedOnToolsVersion = 13.4.1;
						TestTargetID = 4D9BE29028AF03AF008E1630;
					};
				};
			};
			buildConfigurationList = 4D9BE28C28AF03AF008E1630 /* Build configuration list for PBXProject "DDG" */;
			compatibilityVersion = "Xcode 13.0";
			developmentRegion = en;
			hasScannedForEncodings = 0;
			knownRegions = (
				en,
				Base,
			);
			mainGroup = 4D9BE28828AF03AF008E1630;
			productRefGroup = 4D9BE29228AF03AF008E1630 /* Products */;
			projectDirPath = "";
			projectRoot = "";
			targets = (
				4D9BE29028AF03AF008E1630 /* DDG */,
				4D9BE2A028AF03B1008E1630 /* DDGTests */,
				4D9BE2AA28AF03B1008E1630 /* DDGUITests */,
			);
		};
/* End PBXProject section */

/* Begin PBXResourcesBuildPhase section */
		4D9BE28F28AF03AF008E1630 /* Resources */ = {
			isa = PBXResourcesBuildPhase;
			buildActionMask = 2147483647;
			files = (
				4D9BE29C28AF03B0008E1630 /* Preview Assets.xcassets in Resources */,
				4D9BE29928AF03B0008E1630 /* Assets.xcassets in Resources */,
			);
			runOnlyForDeploymentPostprocessing = 0;
		};
		4D9BE29F28AF03B1008E1630 /* Resources */ = {
			isa = PBXResourcesBuildPhase;
			buildActionMask = 2147483647;
			files = (
			);
			runOnlyForDeploymentPostprocessing = 0;
		};
		4D9BE2A928AF03B1008E1630 /* Resources */ = {
			isa = PBXResourcesBuildPhase;
			buildActionMask = 2147483647;
			files = (
			);
			runOnlyForDeploymentPostprocessing = 0;
		};
/* End PBXResourcesBuildPhase section */

/* Begin PBXSourcesBuildPhase section */
		4D9BE28D28AF03AF008E1630 /* Sources */ = {
			isa = PBXSourcesBuildPhase;
			buildActionMask = 2147483647;
			files = (
				4D2102D02908634F0037FF37 /* LocationMapViewModel.swift in Sources */,
				4D93A6CC2909E89200C72392 /* Profile.swift in Sources */,
				4D9BE29528AF03AF008E1630 /* DDGApp.swift in Sources */,
				4D22A00928FF29C300A43CE7 /* Constants.swift in Sources */,
				4DA95AF528B0437800E883C5 /* LocationMapView.swift in Sources */,
				4DE9A2D429030CA000EA9B7D /* APError.swift in Sources */,
				4D22A00428FF009600A43CE7 /* MockData.swift in Sources */,
				4D2102D42908B2430037FF37 /* LocationManager.swift in Sources */,
				4D22A00028FE27CD00A43CE7 /* DDGLocation.swift in Sources */,
				4D8F467628F765C8001A6B85 /* AvatarView.swift in Sources */,
				4D5E9324291AFBC000D9F77E /* XDismissButton.swift in Sources */,
				4DA95AF728B043C100E883C5 /* LocationListView.swift in Sources */,
				4D22A00728FF27EA00A43CE7 /* CloudKitManager.swift in Sources */,
				4D93A6CB2909E89200C72392 /* GrubSpot.swift in Sources */,
				4DE380F32979DF10005AEAF3 /* LoadingView.swift in Sources */,
				4DD778E82970E15700BA7777 /* ProfileViewModel.swift in Sources */,
				4DA95AF328B042BE00E883C5 /* AppTabView.swift in Sources */,
				4DEF3AD22909BBF8006501D6 /* CKRecord+Ext.swift in Sources */,
				4DA95AF928B043FB00E883C5 /* ProfileView.swift in Sources */,
				4D8F467B28F79A6D001A6B85 /* CustomModifiers.swift in Sources */,
				4D8F467928F799DB001A6B85 /* View+Ext.swift in Sources */,
				4D22A00228FEE96200A43CE7 /* DDGProfile.swift in Sources */,
				4DA95AF128B0422700E883C5 /* Color+Ext.swift in Sources */,
				4D63D21E28D4FFB000725195 /* LocationDetailView.swift in Sources */,
				4D93A6CE290B565D00C72392 /* CKAsset+Ext.swift in Sources */,
				4D933C4C2914A0DB0053A5EC /* OnboardView.swift in Sources */,
				4D5E9320291AE4A200D9F77E /* UserDefaultsManager.swift in Sources */,
				4D683DB629418B7700644EAD /* PhotoPicker.swift in Sources */,
				4D3082B628B41507001F76F4 /* LocationCell.swift in Sources */,
				4D5E9322291AED2D00D9F77E /* LogoView.swift in Sources */,
				4D305B1729495F0A007F145E /* UIImage+Ext.swift in Sources */,
				4DE9A2D22902FE2A00EA9B7D /* AlertItem.swift in Sources */,
				4D8F467D28F7A1B2001A6B85 /* DDGButton.swift in Sources */,
			);
			runOnlyForDeploymentPostprocessing = 0;
		};
		4D9BE29D28AF03B1008E1630 /* Sources */ = {
			isa = PBXSourcesBuildPhase;
			buildActionMask = 2147483647;
			files = (
				4D9BE2A628AF03B1008E1630 /* DDGTests.swift in Sources */,
			);
			runOnlyForDeploymentPostprocessing = 0;
		};
		4D9BE2A728AF03B1008E1630 /* Sources */ = {
			isa = PBXSourcesBuildPhase;
			buildActionMask = 2147483647;
			files = (
				4D9BE2B228AF03B1008E1630 /* DDGUITestsLaunchTests.swift in Sources */,
				4D9BE2B028AF03B1008E1630 /* DDGUITests.swift in Sources */,
			);
			runOnlyForDeploymentPostprocessing = 0;
		};
/* End PBXSourcesBuildPhase section */

/* Begin PBXTargetDependency section */
		4D9BE2A328AF03B1008E1630 /* PBXTargetDependency */ = {
			isa = PBXTargetDependency;
			target = 4D9BE29028AF03AF008E1630 /* DDG */;
			targetProxy = 4D9BE2A228AF03B1008E1630 /* PBXContainerItemProxy */;
		};
		4D9BE2AD28AF03B1008E1630 /* PBXTargetDependency */ = {
			isa = PBXTargetDependency;
			target = 4D9BE29028AF03AF008E1630 /* DDG */;
			targetProxy = 4D9BE2AC28AF03B1008E1630 /* PBXContainerItemProxy */;
		};
/* End PBXTargetDependency section */

/* Begin XCBuildConfiguration section */
		4D9BE2B328AF03B1008E1630 /* Debug */ = {
			isa = XCBuildConfiguration;
			buildSettings = {
				ALWAYS_SEARCH_USER_PATHS = NO;
				CLANG_ANALYZER_NONNULL = YES;
				CLANG_ANALYZER_NUMBER_OBJECT_CONVERSION = YES_AGGRESSIVE;
				CLANG_CXX_LANGUAGE_STANDARD = "gnu++17";
				CLANG_ENABLE_MODULES = YES;
				CLANG_ENABLE_OBJC_ARC = YES;
				CLANG_ENABLE_OBJC_WEAK = YES;
				CLANG_WARN_BLOCK_CAPTURE_AUTORELEASING = YES;
				CLANG_WARN_BOOL_CONVERSION = YES;
				CLANG_WARN_COMMA = YES;
				CLANG_WARN_CONSTANT_CONVERSION = YES;
				CLANG_WARN_DEPRECATED_OBJC_IMPLEMENTATIONS = YES;
				CLANG_WARN_DIRECT_OBJC_ISA_USAGE = YES_ERROR;
				CLANG_WARN_DOCUMENTATION_COMMENTS = YES;
				CLANG_WARN_EMPTY_BODY = YES;
				CLANG_WARN_ENUM_CONVERSION = YES;
				CLANG_WARN_INFINITE_RECURSION = YES;
				CLANG_WARN_INT_CONVERSION = YES;
				CLANG_WARN_NON_LITERAL_NULL_CONVERSION = YES;
				CLANG_WARN_OBJC_IMPLICIT_RETAIN_SELF = YES;
				CLANG_WARN_OBJC_LITERAL_CONVERSION = YES;
				CLANG_WARN_OBJC_ROOT_CLASS = YES_ERROR;
				CLANG_WARN_QUOTED_INCLUDE_IN_FRAMEWORK_HEADER = YES;
				CLANG_WARN_RANGE_LOOP_ANALYSIS = YES;
				CLANG_WARN_STRICT_PROTOTYPES = YES;
				CLANG_WARN_SUSPICIOUS_MOVE = YES;
				CLANG_WARN_UNGUARDED_AVAILABILITY = YES_AGGRESSIVE;
				CLANG_WARN_UNREACHABLE_CODE = YES;
				CLANG_WARN__DUPLICATE_METHOD_MATCH = YES;
				COPY_PHASE_STRIP = NO;
				DEBUG_INFORMATION_FORMAT = dwarf;
				ENABLE_STRICT_OBJC_MSGSEND = YES;
				ENABLE_TESTABILITY = YES;
				GCC_C_LANGUAGE_STANDARD = gnu11;
				GCC_DYNAMIC_NO_PIC = NO;
				GCC_NO_COMMON_BLOCKS = YES;
				GCC_OPTIMIZATION_LEVEL = 0;
				GCC_PREPROCESSOR_DEFINITIONS = (
					"DEBUG=1",
					"$(inherited)",
				);
				GCC_WARN_64_TO_32_BIT_CONVERSION = YES;
				GCC_WARN_ABOUT_RETURN_TYPE = YES_ERROR;
				GCC_WARN_UNDECLARED_SELECTOR = YES;
				GCC_WARN_UNINITIALIZED_AUTOS = YES_AGGRESSIVE;
				GCC_WARN_UNUSED_FUNCTION = YES;
				GCC_WARN_UNUSED_VARIABLE = YES;
				IPHONEOS_DEPLOYMENT_TARGET = 15.5;
				MTL_ENABLE_DEBUG_INFO = INCLUDE_SOURCE;
				MTL_FAST_MATH = YES;
				ONLY_ACTIVE_ARCH = YES;
				SDKROOT = iphoneos;
				SWIFT_ACTIVE_COMPILATION_CONDITIONS = DEBUG;
				SWIFT_OPTIMIZATION_LEVEL = "-Onone";
			};
			name = Debug;
		};
		4D9BE2B428AF03B1008E1630 /* Release */ = {
			isa = XCBuildConfiguration;
			buildSettings = {
				ALWAYS_SEARCH_USER_PATHS = NO;
				CLANG_ANALYZER_NONNULL = YES;
				CLANG_ANALYZER_NUMBER_OBJECT_CONVERSION = YES_AGGRESSIVE;
				CLANG_CXX_LANGUAGE_STANDARD = "gnu++17";
				CLANG_ENABLE_MODULES = YES;
				CLANG_ENABLE_OBJC_ARC = YES;
				CLANG_ENABLE_OBJC_WEAK = YES;
				CLANG_WARN_BLOCK_CAPTURE_AUTORELEASING = YES;
				CLANG_WARN_BOOL_CONVERSION = YES;
				CLANG_WARN_COMMA = YES;
				CLANG_WARN_CONSTANT_CONVERSION = YES;
				CLANG_WARN_DEPRECATED_OBJC_IMPLEMENTATIONS = YES;
				CLANG_WARN_DIRECT_OBJC_ISA_USAGE = YES_ERROR;
				CLANG_WARN_DOCUMENTATION_COMMENTS = YES;
				CLANG_WARN_EMPTY_BODY = YES;
				CLANG_WARN_ENUM_CONVERSION = YES;
				CLANG_WARN_INFINITE_RECURSION = YES;
				CLANG_WARN_INT_CONVERSION = YES;
				CLANG_WARN_NON_LITERAL_NULL_CONVERSION = YES;
				CLANG_WARN_OBJC_IMPLICIT_RETAIN_SELF = YES;
				CLANG_WARN_OBJC_LITERAL_CONVERSION = YES;
				CLANG_WARN_OBJC_ROOT_CLASS = YES_ERROR;
				CLANG_WARN_QUOTED_INCLUDE_IN_FRAMEWORK_HEADER = YES;
				CLANG_WARN_RANGE_LOOP_ANALYSIS = YES;
				CLANG_WARN_STRICT_PROTOTYPES = YES;
				CLANG_WARN_SUSPICIOUS_MOVE = YES;
				CLANG_WARN_UNGUARDED_AVAILABILITY = YES_AGGRESSIVE;
				CLANG_WARN_UNREACHABLE_CODE = YES;
				CLANG_WARN__DUPLICATE_METHOD_MATCH = YES;
				COPY_PHASE_STRIP = NO;
				DEBUG_INFORMATION_FORMAT = "dwarf-with-dsym";
				ENABLE_NS_ASSERTIONS = NO;
				ENABLE_STRICT_OBJC_MSGSEND = YES;
				GCC_C_LANGUAGE_STANDARD = gnu11;
				GCC_NO_COMMON_BLOCKS = YES;
				GCC_WARN_64_TO_32_BIT_CONVERSION = YES;
				GCC_WARN_ABOUT_RETURN_TYPE = YES_ERROR;
				GCC_WARN_UNDECLARED_SELECTOR = YES;
				GCC_WARN_UNINITIALIZED_AUTOS = YES_AGGRESSIVE;
				GCC_WARN_UNUSED_FUNCTION = YES;
				GCC_WARN_UNUSED_VARIABLE = YES;
				IPHONEOS_DEPLOYMENT_TARGET = 15.5;
				MTL_ENABLE_DEBUG_INFO = NO;
				MTL_FAST_MATH = YES;
				SDKROOT = iphoneos;
				SWIFT_COMPILATION_MODE = wholemodule;
				SWIFT_OPTIMIZATION_LEVEL = "-O";
				VALIDATE_PRODUCT = YES;
			};
			name = Release;
		};
		4D9BE2B628AF03B1008E1630 /* Debug */ = {
			isa = XCBuildConfiguration;
			buildSettings = {
				ASSETCATALOG_COMPILER_APPICON_NAME = AppIcon;
				ASSETCATALOG_COMPILER_GLOBAL_ACCENT_COLOR_NAME = AccentColor;
				CODE_SIGN_ENTITLEMENTS = DDG/DDG.entitlements;
				CODE_SIGN_IDENTITY = "Apple Development";
				CODE_SIGN_STYLE = Automatic;
				CURRENT_PROJECT_VERSION = 1;
				DEVELOPMENT_ASSET_PATHS = "\"DDG/Preview Content\"";
				DEVELOPMENT_TEAM = 5SWC877QJX;
				ENABLE_PREVIEWS = YES;
				GENERATE_INFOPLIST_FILE = YES;
				INFOPLIST_FILE = DDG/Info.plist;
				INFOPLIST_KEY_NSLocationWhenInUseUsageDescription = "This app uses your location to search for local businesses";
				INFOPLIST_KEY_UIApplicationSceneManifest_Generation = YES;
				INFOPLIST_KEY_UIApplicationSupportsIndirectInputEvents = YES;
				INFOPLIST_KEY_UILaunchScreen_Generation = YES;
				INFOPLIST_KEY_UISupportedInterfaceOrientations_iPad = "UIInterfaceOrientationPortrait UIInterfaceOrientationPortraitUpsideDown UIInterfaceOrientationLandscapeLeft UIInterfaceOrientationLandscapeRight";
				INFOPLIST_KEY_UISupportedInterfaceOrientations_iPhone = "UIInterfaceOrientationPortrait UIInterfaceOrientationLandscapeLeft UIInterfaceOrientationLandscapeRight";
				IPHONEOS_DEPLOYMENT_TARGET = 15.0;
				LD_RUNPATH_SEARCH_PATHS = (
					"$(inherited)",
					"@executable_path/Frameworks",
				);
				MARKETING_VERSION = 1.0;
				PRODUCT_BUNDLE_IDENTIFIER = com.cardinal.SADDG;
				PRODUCT_NAME = "$(TARGET_NAME)";
				PROVISIONING_PROFILE_SPECIFIER = "";
				SWIFT_EMIT_LOC_STRINGS = YES;
				SWIFT_VERSION = 5.0;
				TARGETED_DEVICE_FAMILY = 1;
			};
			name = Debug;
		};
		4D9BE2B728AF03B1008E1630 /* Release */ = {
			isa = XCBuildConfiguration;
			buildSettings = {
				ASSETCATALOG_COMPILER_APPICON_NAME = AppIcon;
				ASSETCATALOG_COMPILER_GLOBAL_ACCENT_COLOR_NAME = AccentColor;
				CODE_SIGN_ENTITLEMENTS = DDG/DDG.entitlements;
				CODE_SIGN_IDENTITY = "Apple Development";
				CODE_SIGN_STYLE = Automatic;
				CURRENT_PROJECT_VERSION = 1;
				DEVELOPMENT_ASSET_PATHS = "\"DDG/Preview Content\"";
				DEVELOPMENT_TEAM = 5SWC877QJX;
				ENABLE_PREVIEWS = YES;
				GENERATE_INFOPLIST_FILE = YES;
				INFOPLIST_FILE = DDG/Info.plist;
				INFOPLIST_KEY_NSLocationWhenInUseUsageDescription = "This app uses your location to search for local businesses";
				INFOPLIST_KEY_UIApplicationSceneManifest_Generation = YES;
				INFOPLIST_KEY_UIApplicationSupportsIndirectInputEvents = YES;
				INFOPLIST_KEY_UILaunchScreen_Generation = YES;
				INFOPLIST_KEY_UISupportedInterfaceOrientations_iPad = "UIInterfaceOrientationPortrait UIInterfaceOrientationPortraitUpsideDown UIInterfaceOrientationLandscapeLeft UIInterfaceOrientationLandscapeRight";
				INFOPLIST_KEY_UISupportedInterfaceOrientations_iPhone = "UIInterfaceOrientationPortrait UIInterfaceOrientationLandscapeLeft UIInterfaceOrientationLandscapeRight";
				IPHONEOS_DEPLOYMENT_TARGET = 15.0;
				LD_RUNPATH_SEARCH_PATHS = (
					"$(inherited)",
					"@executable_path/Frameworks",
				);
				MARKETING_VERSION = 1.0;
				PRODUCT_BUNDLE_IDENTIFIER = com.cardinal.SADDG;
				PRODUCT_NAME = "$(TARGET_NAME)";
				PROVISIONING_PROFILE_SPECIFIER = "";
				SWIFT_EMIT_LOC_STRINGS = YES;
				SWIFT_VERSION = 5.0;
				TARGETED_DEVICE_FAMILY = 1;
			};
			name = Release;
		};
		4D9BE2B928AF03B1008E1630 /* Debug */ = {
			isa = XCBuildConfiguration;
			buildSettings = {
				ALWAYS_EMBED_SWIFT_STANDARD_LIBRARIES = YES;
				BUNDLE_LOADER = "$(TEST_HOST)";
				CODE_SIGN_STYLE = Automatic;
				CURRENT_PROJECT_VERSION = 1;
				DEVELOPMENT_TEAM = R2WL2A7KYJ;
				GENERATE_INFOPLIST_FILE = YES;
				IPHONEOS_DEPLOYMENT_TARGET = 15.5;
				MARKETING_VERSION = 1.0;
				PRODUCT_BUNDLE_IDENTIFIER = com.cardinal.DDGTests;
				PRODUCT_NAME = "$(TARGET_NAME)";
				SWIFT_EMIT_LOC_STRINGS = NO;
				SWIFT_VERSION = 5.0;
				TARGETED_DEVICE_FAMILY = "1,2";
				TEST_HOST = "$(BUILT_PRODUCTS_DIR)/DDG.app/DDG";
			};
			name = Debug;
		};
		4D9BE2BA28AF03B1008E1630 /* Release */ = {
			isa = XCBuildConfiguration;
			buildSettings = {
				ALWAYS_EMBED_SWIFT_STANDARD_LIBRARIES = YES;
				BUNDLE_LOADER = "$(TEST_HOST)";
				CODE_SIGN_STYLE = Automatic;
				CURRENT_PROJECT_VERSION = 1;
				DEVELOPMENT_TEAM = R2WL2A7KYJ;
				GENERATE_INFOPLIST_FILE = YES;
				IPHONEOS_DEPLOYMENT_TARGET = 15.5;
				MARKETING_VERSION = 1.0;
				PRODUCT_BUNDLE_IDENTIFIER = com.cardinal.DDGTests;
				PRODUCT_NAME = "$(TARGET_NAME)";
				SWIFT_EMIT_LOC_STRINGS = NO;
				SWIFT_VERSION = 5.0;
				TARGETED_DEVICE_FAMILY = "1,2";
				TEST_HOST = "$(BUILT_PRODUCTS_DIR)/DDG.app/DDG";
			};
			name = Release;
		};
		4D9BE2BC28AF03B1008E1630 /* Debug */ = {
			isa = XCBuildConfiguration;
			buildSettings = {
				ALWAYS_EMBED_SWIFT_STANDARD_LIBRARIES = YES;
				CODE_SIGN_STYLE = Automatic;
				CURRENT_PROJECT_VERSION = 1;
				DEVELOPMENT_TEAM = R2WL2A7KYJ;
				GENERATE_INFOPLIST_FILE = YES;
				MARKETING_VERSION = 1.0;
				PRODUCT_BUNDLE_IDENTIFIER = com.cardinal.DDGUITests;
				PRODUCT_NAME = "$(TARGET_NAME)";
				SWIFT_EMIT_LOC_STRINGS = NO;
				SWIFT_VERSION = 5.0;
				TARGETED_DEVICE_FAMILY = "1,2";
				TEST_TARGET_NAME = DDG;
			};
			name = Debug;
		};
		4D9BE2BD28AF03B1008E1630 /* Release */ = {
			isa = XCBuildConfiguration;
			buildSettings = {
				ALWAYS_EMBED_SWIFT_STANDARD_LIBRARIES = YES;
				CODE_SIGN_STYLE = Automatic;
				CURRENT_PROJECT_VERSION = 1;
				DEVELOPMENT_TEAM = R2WL2A7KYJ;
				GENERATE_INFOPLIST_FILE = YES;
				MARKETING_VERSION = 1.0;
				PRODUCT_BUNDLE_IDENTIFIER = com.cardinal.DDGUITests;
				PRODUCT_NAME = "$(TARGET_NAME)";
				SWIFT_EMIT_LOC_STRINGS = NO;
				SWIFT_VERSION = 5.0;
				TARGETED_DEVICE_FAMILY = "1,2";
				TEST_TARGET_NAME = DDG;
			};
			name = Release;
		};
/* End XCBuildConfiguration section */

/* Begin XCConfigurationList section */
		4D9BE28C28AF03AF008E1630 /* Build configuration list for PBXProject "DDG" */ = {
			isa = XCConfigurationList;
			buildConfigurations = (
				4D9BE2B328AF03B1008E1630 /* Debug */,
				4D9BE2B428AF03B1008E1630 /* Release */,
			);
			defaultConfigurationIsVisible = 0;
			defaultConfigurationName = Release;
		};
		4D9BE2B528AF03B1008E1630 /* Build configuration list for PBXNativeTarget "DDG" */ = {
			isa = XCConfigurationList;
			buildConfigurations = (
				4D9BE2B628AF03B1008E1630 /* Debug */,
				4D9BE2B728AF03B1008E1630 /* Release */,
			);
			defaultConfigurationIsVisible = 0;
			defaultConfigurationName = Release;
		};
		4D9BE2B828AF03B1008E1630 /* Build configuration list for PBXNativeTarget "DDGTests" */ = {
			isa = XCConfigurationList;
			buildConfigurations = (
				4D9BE2B928AF03B1008E1630 /* Debug */,
				4D9BE2BA28AF03B1008E1630 /* Release */,
			);
			defaultConfigurationIsVisible = 0;
			defaultConfigurationName = Release;
		};
		4D9BE2BB28AF03B1008E1630 /* Build configuration list for PBXNativeTarget "DDGUITests" */ = {
			isa = XCConfigurationList;
			buildConfigurations = (
				4D9BE2BC28AF03B1008E1630 /* Debug */,
				4D9BE2BD28AF03B1008E1630 /* Release */,
			);
			defaultConfigurationIsVisible = 0;
			defaultConfigurationName = Release;
		};
/* End XCConfigurationList section */
	};
	rootObject = 4D9BE28928AF03AF008E1630 /* Project object */;
}
